// !$*UTF8*$!
{
	archiveVersion = 1;
	classes = {
	};
	objectVersion = 50;
	objects = {

/* Begin PBXBuildFile section */
		284FEAD33C5C0F916535306A /* libPods-Signalling_Agora_p2p.a in Frameworks */ = {isa = PBXBuildFile; fileRef = 4377280EB3834CFDCC4B2271 /* libPods-Signalling_Agora_p2p.a */; };
		E63C2C24229B88AF0072D224 /* NTESLoginVC.m in Sources */ = {isa = PBXBuildFile; fileRef = E63C2C20229B88AF0072D224 /* NTESLoginVC.m */; };
		E63C2C25229B88AF0072D224 /* NTESSelectedVC.m in Sources */ = {isa = PBXBuildFile; fileRef = E63C2C21229B88AF0072D224 /* NTESSelectedVC.m */; };
		E63C2C26229B88AF0072D224 /* NTESP2PVC.m in Sources */ = {isa = PBXBuildFile; fileRef = E63C2C22229B88AF0072D224 /* NTESP2PVC.m */; };
		E63C48352271BA38009A0808 /* AppDelegate.m in Sources */ = {isa = PBXBuildFile; fileRef = E63C48342271BA38009A0808 /* AppDelegate.m */; };
		E63C483B2271BA38009A0808 /* Main.storyboard in Resources */ = {isa = PBXBuildFile; fileRef = E63C48392271BA38009A0808 /* Main.storyboard */; };
		E63C483D2271BA39009A0808 /* Assets.xcassets in Resources */ = {isa = PBXBuildFile; fileRef = E63C483C2271BA39009A0808 /* Assets.xcassets */; };
		E63C48402271BA39009A0808 /* LaunchScreen.storyboard in Resources */ = {isa = PBXBuildFile; fileRef = E63C483E2271BA39009A0808 /* LaunchScreen.storyboard */; };
		E63C48432271BA39009A0808 /* main.m in Sources */ = {isa = PBXBuildFile; fileRef = E63C48422271BA39009A0808 /* main.m */; };
		E641576B2283BE0C003C8A80 /* NTESSignalSession.m in Sources */ = {isa = PBXBuildFile; fileRef = E641576A2283BE0C003C8A80 /* NTESSignalSession.m */; };
		E6CC32862282D2DF005EE76F /* Accelerate.framework in Frameworks */ = {isa = PBXBuildFile; fileRef = E6CC32852282D2DF005EE76F /* Accelerate.framework */; };
		E6CC32882282D2E6005EE76F /* SystemConfiguration.framework in Frameworks */ = {isa = PBXBuildFile; fileRef = E6CC32872282D2E6005EE76F /* SystemConfiguration.framework */; };
		E6CC328A2282D2ED005EE76F /* libc++.tbd in Frameworks */ = {isa = PBXBuildFile; fileRef = E6CC32892282D2ED005EE76F /* libc++.tbd */; };
		E6CC328C2282D2F3005EE76F /* libresolv.tbd in Frameworks */ = {isa = PBXBuildFile; fileRef = E6CC328B2282D2F3005EE76F /* libresolv.tbd */; };
		E6CC328E2282D2F9005EE76F /* CoreMedia.framework in Frameworks */ = {isa = PBXBuildFile; fileRef = E6CC328D2282D2F9005EE76F /* CoreMedia.framework */; };
		E6CC32902282D2FF005EE76F /* VideoToolbox.framework in Frameworks */ = {isa = PBXBuildFile; fileRef = E6CC328F2282D2FF005EE76F /* VideoToolbox.framework */; };
		E6CC32922282D306005EE76F /* AudioToolbox.framework in Frameworks */ = {isa = PBXBuildFile; fileRef = E6CC32912282D306005EE76F /* AudioToolbox.framework */; };
		E6CC32942282D310005EE76F /* CoreTelephony.framework in Frameworks */ = {isa = PBXBuildFile; fileRef = E6CC32932282D310005EE76F /* CoreTelephony.framework */; };
		E6CC32962282D315005EE76F /* AVFoundation.framework in Frameworks */ = {isa = PBXBuildFile; fileRef = E6CC32952282D315005EE76F /* AVFoundation.framework */; };
		E6CC32982282D31B005EE76F /* CoreML.framework in Frameworks */ = {isa = PBXBuildFile; fileRef = E6CC32972282D31B005EE76F /* CoreML.framework */; };
		E6EE0B122272FD59006836B1 /* NSString+NTES.m in Sources */ = {isa = PBXBuildFile; fileRef = E6EE0B072272FD58006836B1 /* NSString+NTES.m */; };
		E6EE0B132272FD59006836B1 /* UIView+Toast.m in Sources */ = {isa = PBXBuildFile; fileRef = E6EE0B092272FD58006836B1 /* UIView+Toast.m */; };
		E6EE0B1D2272FD5F006836B1 /* NTESDataCenter.m in Sources */ = {isa = PBXBuildFile; fileRef = E6EE0B1A2272FD5F006836B1 /* NTESDataCenter.m */; };
/* End PBXBuildFile section */

/* Begin PBXCopyFilesBuildPhase section */
		E6EE0AF42272F3D9006836B1 /* Embed Frameworks */ = {
			isa = PBXCopyFilesBuildPhase;
			buildActionMask = 2147483647;
			dstPath = "";
			dstSubfolderSpec = 10;
			files = (
			);
			name = "Embed Frameworks";
			runOnlyForDeploymentPostprocessing = 0;
		};
/* End PBXCopyFilesBuildPhase section */

/* Begin PBXFileReference section */
		085B1C2A92DFC83113DEDAAD /* Pods-Signaling_P2P_Agora.release.xcconfig */ = {isa = PBXFileReference; includeInIndex = 1; lastKnownFileType = text.xcconfig; name = "Pods-Signaling_P2P_Agora.release.xcconfig"; path = "Target Support Files/Pods-Signaling_P2P_Agora/Pods-Signaling_P2P_Agora.release.xcconfig"; sourceTree = "<group>"; };
		4377280EB3834CFDCC4B2271 /* libPods-Signalling_Agora_p2p.a */ = {isa = PBXFileReference; explicitFileType = archive.ar; includeInIndex = 0; path = "libPods-Signalling_Agora_p2p.a"; sourceTree = BUILT_PRODUCTS_DIR; };
		4B79E55555491601B899F150 /* libPods-Signaling_P2P_Agora.a */ = {isa = PBXFileReference; explicitFileType = archive.ar; includeInIndex = 0; path = "libPods-Signaling_P2P_Agora.a"; sourceTree = BUILT_PRODUCTS_DIR; };
		AEC6CEEE16AC1C6A43692501 /* Pods-Signaling_P2P_Agora.debug.xcconfig */ = {isa = PBXFileReference; includeInIndex = 1; lastKnownFileType = text.xcconfig; name = "Pods-Signaling_P2P_Agora.debug.xcconfig"; path = "Target Support Files/Pods-Signaling_P2P_Agora/Pods-Signaling_P2P_Agora.debug.xcconfig"; sourceTree = "<group>"; };
		BA21A26272E3EC744BAA5502 /* Pods-Signalling_Agora_p2p.debug.xcconfig */ = {isa = PBXFileReference; includeInIndex = 1; lastKnownFileType = text.xcconfig; name = "Pods-Signalling_Agora_p2p.debug.xcconfig"; path = "Target Support Files/Pods-Signalling_Agora_p2p/Pods-Signalling_Agora_p2p.debug.xcconfig"; sourceTree = "<group>"; };
		CA6F40CE2C6BDD0692BC165B /* Pods-Signalling_Agora_p2p.release.xcconfig */ = {isa = PBXFileReference; includeInIndex = 1; lastKnownFileType = text.xcconfig; name = "Pods-Signalling_Agora_p2p.release.xcconfig"; path = "Target Support Files/Pods-Signalling_Agora_p2p/Pods-Signalling_Agora_p2p.release.xcconfig"; sourceTree = "<group>"; };
		E63C2C1B229B87450072D224 /* NTESDemoConfig.h */ = {isa = PBXFileReference; fileEncoding = 4; lastKnownFileType = sourcecode.c.h; path = NTESDemoConfig.h; sourceTree = "<group>"; };
		E63C2C1E229B88AF0072D224 /* NTESP2PVC.h */ = {isa = PBXFileReference; fileEncoding = 4; lastKnownFileType = sourcecode.c.h; path = NTESP2PVC.h; sourceTree = "<group>"; };
		E63C2C1F229B88AF0072D224 /* NTESSelectedVC.h */ = {isa = PBXFileReference; fileEncoding = 4; lastKnownFileType = sourcecode.c.h; path = NTESSelectedVC.h; sourceTree = "<group>"; };
		E63C2C20229B88AF0072D224 /* NTESLoginVC.m */ = {isa = PBXFileReference; fileEncoding = 4; lastKnownFileType = sourcecode.c.objc; path = NTESLoginVC.m; sourceTree = "<group>"; };
		E63C2C21229B88AF0072D224 /* NTESSelectedVC.m */ = {isa = PBXFileReference; fileEncoding = 4; lastKnownFileType = sourcecode.c.objc; path = NTESSelectedVC.m; sourceTree = "<group>"; };
		E63C2C22229B88AF0072D224 /* NTESP2PVC.m */ = {isa = PBXFileReference; fileEncoding = 4; lastKnownFileType = sourcecode.c.objc; path = NTESP2PVC.m; sourceTree = "<group>"; };
		E63C2C23229B88AF0072D224 /* NTESLoginVC.h */ = {isa = PBXFileReference; fileEncoding = 4; lastKnownFileType = sourcecode.c.h; path = NTESLoginVC.h; sourceTree = "<group>"; };
		E63C48302271BA38009A0808 /* Signalling_Agora_p2p.app */ = {isa = PBXFileReference; explicitFileType = wrapper.application; includeInIndex = 0; path = Signalling_Agora_p2p.app; sourceTree = BUILT_PRODUCTS_DIR; };
		E63C48332271BA38009A0808 /* AppDelegate.h */ = {isa = PBXFileReference; lastKnownFileType = sourcecode.c.h; path = AppDelegate.h; sourceTree = "<group>"; };
		E63C48342271BA38009A0808 /* AppDelegate.m */ = {isa = PBXFileReference; lastKnownFileType = sourcecode.c.objc; path = AppDelegate.m; sourceTree = "<group>"; };
		E63C483A2271BA38009A0808 /* Base */ = {isa = PBXFileReference; lastKnownFileType = file.storyboard; name = Base; path = Base.lproj/Main.storyboard; sourceTree = "<group>"; };
		E63C483C2271BA39009A0808 /* Assets.xcassets */ = {isa = PBXFileReference; lastKnownFileType = folder.assetcatalog; path = Assets.xcassets; sourceTree = "<group>"; };
		E63C483F2271BA39009A0808 /* Base */ = {isa = PBXFileReference; lastKnownFileType = file.storyboard; name = Base; path = Base.lproj/LaunchScreen.storyboard; sourceTree = "<group>"; };
		E63C48412271BA39009A0808 /* Info.plist */ = {isa = PBXFileReference; lastKnownFileType = text.plist.xml; path = Info.plist; sourceTree = "<group>"; };
		E63C48422271BA39009A0808 /* main.m */ = {isa = PBXFileReference; lastKnownFileType = sourcecode.c.objc; path = main.m; sourceTree = "<group>"; };
		E64157692283BE0C003C8A80 /* NTESSignalSession.h */ = {isa = PBXFileReference; lastKnownFileType = sourcecode.c.h; path = NTESSignalSession.h; sourceTree = "<group>"; };
		E641576A2283BE0C003C8A80 /* NTESSignalSession.m */ = {isa = PBXFileReference; lastKnownFileType = sourcecode.c.objc; path = NTESSignalSession.m; sourceTree = "<group>"; };
		E6CC32852282D2DF005EE76F /* Accelerate.framework */ = {isa = PBXFileReference; lastKnownFileType = wrapper.framework; name = Accelerate.framework; path = System/Library/Frameworks/Accelerate.framework; sourceTree = SDKROOT; };
		E6CC32872282D2E6005EE76F /* SystemConfiguration.framework */ = {isa = PBXFileReference; lastKnownFileType = wrapper.framework; name = SystemConfiguration.framework; path = System/Library/Frameworks/SystemConfiguration.framework; sourceTree = SDKROOT; };
		E6CC32892282D2ED005EE76F /* libc++.tbd */ = {isa = PBXFileReference; lastKnownFileType = "sourcecode.text-based-dylib-definition"; name = "libc++.tbd"; path = "usr/lib/libc++.tbd"; sourceTree = SDKROOT; };
		E6CC328B2282D2F3005EE76F /* libresolv.tbd */ = {isa = PBXFileReference; lastKnownFileType = "sourcecode.text-based-dylib-definition"; name = libresolv.tbd; path = usr/lib/libresolv.tbd; sourceTree = SDKROOT; };
		E6CC328D2282D2F9005EE76F /* CoreMedia.framework */ = {isa = PBXFileReference; lastKnownFileType = wrapper.framework; name = CoreMedia.framework; path = System/Library/Frameworks/CoreMedia.framework; sourceTree = SDKROOT; };
		E6CC328F2282D2FF005EE76F /* VideoToolbox.framework */ = {isa = PBXFileReference; lastKnownFileType = wrapper.framework; name = VideoToolbox.framework; path = System/Library/Frameworks/VideoToolbox.framework; sourceTree = SDKROOT; };
		E6CC32912282D306005EE76F /* AudioToolbox.framework */ = {isa = PBXFileReference; lastKnownFileType = wrapper.framework; name = AudioToolbox.framework; path = System/Library/Frameworks/AudioToolbox.framework; sourceTree = SDKROOT; };
		E6CC32932282D310005EE76F /* CoreTelephony.framework */ = {isa = PBXFileReference; lastKnownFileType = wrapper.framework; name = CoreTelephony.framework; path = System/Library/Frameworks/CoreTelephony.framework; sourceTree = SDKROOT; };
		E6CC32952282D315005EE76F /* AVFoundation.framework */ = {isa = PBXFileReference; lastKnownFileType = wrapper.framework; name = AVFoundation.framework; path = System/Library/Frameworks/AVFoundation.framework; sourceTree = SDKROOT; };
		E6CC32972282D31B005EE76F /* CoreML.framework */ = {isa = PBXFileReference; lastKnownFileType = wrapper.framework; name = CoreML.framework; path = System/Library/Frameworks/CoreML.framework; sourceTree = SDKROOT; };
		E6EE0B062272FD58006836B1 /* NSString+NTES.h */ = {isa = PBXFileReference; fileEncoding = 4; lastKnownFileType = sourcecode.c.h; path = "NSString+NTES.h"; sourceTree = "<group>"; };
		E6EE0B072272FD58006836B1 /* NSString+NTES.m */ = {isa = PBXFileReference; fileEncoding = 4; lastKnownFileType = sourcecode.c.objc; path = "NSString+NTES.m"; sourceTree = "<group>"; };
		E6EE0B082272FD58006836B1 /* UIView+Toast.h */ = {isa = PBXFileReference; fileEncoding = 4; lastKnownFileType = sourcecode.c.h; path = "UIView+Toast.h"; sourceTree = "<group>"; };
		E6EE0B092272FD58006836B1 /* UIView+Toast.m */ = {isa = PBXFileReference; fileEncoding = 4; lastKnownFileType = sourcecode.c.objc; path = "UIView+Toast.m"; sourceTree = "<group>"; };
		E6EE0B192272FD5F006836B1 /* NTESDataCenter.h */ = {isa = PBXFileReference; fileEncoding = 4; lastKnownFileType = sourcecode.c.h; path = NTESDataCenter.h; sourceTree = "<group>"; };
		E6EE0B1A2272FD5F006836B1 /* NTESDataCenter.m */ = {isa = PBXFileReference; fileEncoding = 4; lastKnownFileType = sourcecode.c.objc; path = NTESDataCenter.m; sourceTree = "<group>"; };
		E6EE0B202272FECB006836B1 /* Signalling_Agora_p2p.pch */ = {isa = PBXFileReference; fileEncoding = 4; lastKnownFileType = sourcecode.c.h; path = Signalling_Agora_p2p.pch; sourceTree = "<group>"; };
/* End PBXFileReference section */

/* Begin PBXFrameworksBuildPhase section */
		E63C482D2271BA38009A0808 /* Frameworks */ = {
			isa = PBXFrameworksBuildPhase;
			buildActionMask = 2147483647;
			files = (
				E6CC32982282D31B005EE76F /* CoreML.framework in Frameworks */,
				E6CC32962282D315005EE76F /* AVFoundation.framework in Frameworks */,
				E6CC32942282D310005EE76F /* CoreTelephony.framework in Frameworks */,
				E6CC32922282D306005EE76F /* AudioToolbox.framework in Frameworks */,
				E6CC32902282D2FF005EE76F /* VideoToolbox.framework in Frameworks */,
				E6CC328E2282D2F9005EE76F /* CoreMedia.framework in Frameworks */,
				E6CC328C2282D2F3005EE76F /* libresolv.tbd in Frameworks */,
				E6CC328A2282D2ED005EE76F /* libc++.tbd in Frameworks */,
				E6CC32882282D2E6005EE76F /* SystemConfiguration.framework in Frameworks */,
				E6CC32862282D2DF005EE76F /* Accelerate.framework in Frameworks */,
				284FEAD33C5C0F916535306A /* libPods-Signalling_Agora_p2p.a in Frameworks */,
			);
			runOnlyForDeploymentPostprocessing = 0;
		};
/* End PBXFrameworksBuildPhase section */

/* Begin PBXGroup section */
		82FD3767A11C0CAA3430DD4B /* Pods */ = {
			isa = PBXGroup;
			children = (
				AEC6CEEE16AC1C6A43692501 /* Pods-Signaling_P2P_Agora.debug.xcconfig */,
				085B1C2A92DFC83113DEDAAD /* Pods-Signaling_P2P_Agora.release.xcconfig */,
				BA21A26272E3EC744BAA5502 /* Pods-Signalling_Agora_p2p.debug.xcconfig */,
				CA6F40CE2C6BDD0692BC165B /* Pods-Signalling_Agora_p2p.release.xcconfig */,
			);
			path = Pods;
			sourceTree = "<group>";
		};
		E63C2C1C229B88430072D224 /* Support Files */ = {
			isa = PBXGroup;
			children = (
				E63C48392271BA38009A0808 /* Main.storyboard */,
				E6EE0B202272FECB006836B1 /* Signalling_Agora_p2p.pch */,
				E63C483C2271BA39009A0808 /* Assets.xcassets */,
				E63C483E2271BA39009A0808 /* LaunchScreen.storyboard */,
				E63C48412271BA39009A0808 /* Info.plist */,
				E63C48422271BA39009A0808 /* main.m */,
			);
			path = "Support Files";
			sourceTree = "<group>";
		};
		E63C2C1D229B88AF0072D224 /* Sections */ = {
			isa = PBXGroup;
			children = (
				E63C2C23229B88AF0072D224 /* NTESLoginVC.h */,
				E63C2C20229B88AF0072D224 /* NTESLoginVC.m */,
				E63C2C1F229B88AF0072D224 /* NTESSelectedVC.h */,
				E63C2C21229B88AF0072D224 /* NTESSelectedVC.m */,
				E63C2C1E229B88AF0072D224 /* NTESP2PVC.h */,
				E63C2C22229B88AF0072D224 /* NTESP2PVC.m */,
			);
			path = Sections;
			sourceTree = "<group>";
		};
		E63C2C35229B8D370072D224 /* Classes */ = {
			isa = PBXGroup;
			children = (
				E63C2C1D229B88AF0072D224 /* Sections */,
				E6EE0B182272FD5F006836B1 /* Unit */,
				E6EE0B052272FD58006836B1 /* Catagory */,
			);
			path = Classes;
			sourceTree = "<group>";
		};
		E63C48272271BA38009A0808 = {
			isa = PBXGroup;
			children = (
				E63C48322271BA38009A0808 /* Signalling_Agora_p2p */,
				E63C48312271BA38009A0808 /* Products */,
				E6CC32842282D2DF005EE76F /* Frameworks */,
				82FD3767A11C0CAA3430DD4B /* Pods */,
			);
			sourceTree = "<group>";
		};
		E63C48312271BA38009A0808 /* Products */ = {
			isa = PBXGroup;
			children = (
				E63C48302271BA38009A0808 /* Signalling_Agora_p2p.app */,
			);
			name = Products;
			sourceTree = "<group>";
		};
		E63C48322271BA38009A0808 /* Signalling_Agora_p2p */ = {
			isa = PBXGroup;
			children = (
				E63C48332271BA38009A0808 /* AppDelegate.h */,
				E63C48342271BA38009A0808 /* AppDelegate.m */,
				E63C2C1B229B87450072D224 /* NTESDemoConfig.h */,
				E63C2C35229B8D370072D224 /* Classes */,
				E63C2C1C229B88430072D224 /* Support Files */,
			);
			path = Signalling_Agora_p2p;
			sourceTree = "<group>";
		};
		E6CC32842282D2DF005EE76F /* Frameworks */ = {
			isa = PBXGroup;
			children = (
				E6CC32972282D31B005EE76F /* CoreML.framework */,
				E6CC32952282D315005EE76F /* AVFoundation.framework */,
				E6CC32932282D310005EE76F /* CoreTelephony.framework */,
				E6CC32912282D306005EE76F /* AudioToolbox.framework */,
				E6CC328F2282D2FF005EE76F /* VideoToolbox.framework */,
				E6CC328D2282D2F9005EE76F /* CoreMedia.framework */,
				E6CC328B2282D2F3005EE76F /* libresolv.tbd */,
				E6CC32892282D2ED005EE76F /* libc++.tbd */,
				E6CC32872282D2E6005EE76F /* SystemConfiguration.framework */,
				E6CC32852282D2DF005EE76F /* Accelerate.framework */,
				4B79E55555491601B899F150 /* libPods-Signaling_P2P_Agora.a */,
				4377280EB3834CFDCC4B2271 /* libPods-Signalling_Agora_p2p.a */,
			);
			name = Frameworks;
			sourceTree = "<group>";
		};
		E6EE0B052272FD58006836B1 /* Catagory */ = {
			isa = PBXGroup;
			children = (
				E6EE0B062272FD58006836B1 /* NSString+NTES.h */,
				E6EE0B072272FD58006836B1 /* NSString+NTES.m */,
				E6EE0B082272FD58006836B1 /* UIView+Toast.h */,
				E6EE0B092272FD58006836B1 /* UIView+Toast.m */,
			);
			path = Catagory;
			sourceTree = "<group>";
		};
		E6EE0B182272FD5F006836B1 /* Unit */ = {
			isa = PBXGroup;
			children = (
				E6EE0B192272FD5F006836B1 /* NTESDataCenter.h */,
				E6EE0B1A2272FD5F006836B1 /* NTESDataCenter.m */,
				E641576A2283BE0C003C8A80 /* NTESSignalSession.m */,
				E64157692283BE0C003C8A80 /* NTESSignalSession.h */,
			);
			path = Unit;
			sourceTree = "<group>";
		};
/* End PBXGroup section */

/* Begin PBXNativeTarget section */
		E63C482F2271BA38009A0808 /* Signalling_Agora_p2p */ = {
			isa = PBXNativeTarget;
			buildConfigurationList = E63C48462271BA39009A0808 /* Build configuration list for PBXNativeTarget "Signalling_Agora_p2p" */;
			buildPhases = (
				0192AC91D3E9CA57BBFE52B2 /* [CP] Check Pods Manifest.lock */,
				E63C482C2271BA38009A0808 /* Sources */,
				E63C482D2271BA38009A0808 /* Frameworks */,
				E63C482E2271BA38009A0808 /* Resources */,
				E6EE0AF42272F3D9006836B1 /* Embed Frameworks */,
				2BB3C38FAB9ED0B7D0B59EC5 /* [CP] Embed Pods Frameworks */,
				52AFDDCEEF8787A9EA2A12E6 /* [CP] Copy Pods Resources */,
			);
			buildRules = (
			);
			dependencies = (
			);
			name = Signalling_Agora_p2p;
			productName = Signaling_P2P_Agora;
			productReference = E63C48302271BA38009A0808 /* Signalling_Agora_p2p.app */;
			productType = "com.apple.product-type.application";
		};
/* End PBXNativeTarget section */

/* Begin PBXProject section */
		E63C48282271BA38009A0808 /* Project object */ = {
			isa = PBXProject;
			attributes = {
				LastUpgradeCheck = 1010;
				ORGANIZATIONNAME = Netease;
				TargetAttributes = {
					E63C482F2271BA38009A0808 = {
						CreatedOnToolsVersion = 10.1;
					};
				};
			};
			buildConfigurationList = E63C482B2271BA38009A0808 /* Build configuration list for PBXProject "Signalling_Agora_p2p" */;
			compatibilityVersion = "Xcode 9.3";
			developmentRegion = en;
			hasScannedForEncodings = 0;
			knownRegions = (
				en,
				Base,
			);
			mainGroup = E63C48272271BA38009A0808;
			productRefGroup = E63C48312271BA38009A0808 /* Products */;
			projectDirPath = "";
			projectRoot = "";
			targets = (
				E63C482F2271BA38009A0808 /* Signalling_Agora_p2p */,
			);
		};
/* End PBXProject section */

/* Begin PBXResourcesBuildPhase section */
		E63C482E2271BA38009A0808 /* Resources */ = {
			isa = PBXResourcesBuildPhase;
			buildActionMask = 2147483647;
			files = (
				E63C48402271BA39009A0808 /* LaunchScreen.storyboard in Resources */,
				E63C483D2271BA39009A0808 /* Assets.xcassets in Resources */,
				E63C483B2271BA38009A0808 /* Main.storyboard in Resources */,
			);
			runOnlyForDeploymentPostprocessing = 0;
		};
/* End PBXResourcesBuildPhase section */

/* Begin PBXShellScriptBuildPhase section */
		0192AC91D3E9CA57BBFE52B2 /* [CP] Check Pods Manifest.lock */ = {
			isa = PBXShellScriptBuildPhase;
			buildActionMask = 2147483647;
			files = (
			);
			inputFileListPaths = (
			);
			inputPaths = (
				"${PODS_PODFILE_DIR_PATH}/Podfile.lock",
				"${PODS_ROOT}/Manifest.lock",
			);
			name = "[CP] Check Pods Manifest.lock";
			outputFileListPaths = (
			);
			outputPaths = (
				"$(DERIVED_FILE_DIR)/Pods-Signalling_Agora_p2p-checkManifestLockResult.txt",
			);
			runOnlyForDeploymentPostprocessing = 0;
			shellPath = /bin/sh;
			shellScript = "diff \"${PODS_PODFILE_DIR_PATH}/Podfile.lock\" \"${PODS_ROOT}/Manifest.lock\" > /dev/null\nif [ $? != 0 ] ; then\n    # print error to STDERR\n    echo \"error: The sandbox is not in sync with the Podfile.lock. Run 'pod install' or update your CocoaPods installation.\" >&2\n    exit 1\nfi\n# This output is used by Xcode 'outputs' to avoid re-running this script phase.\necho \"SUCCESS\" > \"${SCRIPT_OUTPUT_FILE_0}\"\n";
			showEnvVarsInLog = 0;
		};
		2BB3C38FAB9ED0B7D0B59EC5 /* [CP] Embed Pods Frameworks */ = {
			isa = PBXShellScriptBuildPhase;
			buildActionMask = 2147483647;
			files = (
			);
			inputFileListPaths = (
			);
			inputPaths = (
				"${PODS_ROOT}/Target Support Files/Pods-Signalling_Agora_p2p/Pods-Signalling_Agora_p2p-frameworks.sh",
				"${PODS_ROOT}/NIMSDK/NIMSDK/NIMSDK.framework",
				"${PODS_ROOT}/NIMSDK/NIMAVChat/NIMAVChat.framework",
				"${PODS_ROOT}/NIMSDK/NIMAVChat/NMC.framework",
			);
			name = "[CP] Embed Pods Frameworks";
			outputFileListPaths = (
			);
			outputPaths = (
				"${TARGET_BUILD_DIR}/${FRAMEWORKS_FOLDER_PATH}/NIMSDK.framework",
				"${TARGET_BUILD_DIR}/${FRAMEWORKS_FOLDER_PATH}/NIMAVChat.framework",
				"${TARGET_BUILD_DIR}/${FRAMEWORKS_FOLDER_PATH}/NMC.framework",
			);
			runOnlyForDeploymentPostprocessing = 0;
			shellPath = /bin/sh;
			shellScript = "\"${PODS_ROOT}/Target Support Files/Pods-Signalling_Agora_p2p/Pods-Signalling_Agora_p2p-frameworks.sh\"\n";
			showEnvVarsInLog = 0;
		};
		52AFDDCEEF8787A9EA2A12E6 /* [CP] Copy Pods Resources */ = {
			isa = PBXShellScriptBuildPhase;
			buildActionMask = 2147483647;
			files = (
			);
			inputFileListPaths = (
			);
			inputPaths = (
				"${PODS_ROOT}/Target Support Files/Pods-Signalling_Agora_p2p/Pods-Signalling_Agora_p2p-resources.sh",
				"${PODS_ROOT}/NIMSDK/NIMAVChat/Resources/NMCVideoFilter.bundle",
			);
			name = "[CP] Copy Pods Resources";
			outputFileListPaths = (
			);
			outputPaths = (
				"${TARGET_BUILD_DIR}/${UNLOCALIZED_RESOURCES_FOLDER_PATH}/NMCVideoFilter.bundle",
			);
			runOnlyForDeploymentPostprocessing = 0;
			shellPath = /bin/sh;
			shellScript = "\"${PODS_ROOT}/Target Support Files/Pods-Signalling_Agora_p2p/Pods-Signalling_Agora_p2p-resources.sh\"\n";
			showEnvVarsInLog = 0;
		};
/* End PBXShellScriptBuildPhase section */

/* Begin PBXSourcesBuildPhase section */
		E63C482C2271BA38009A0808 /* Sources */ = {
			isa = PBXSourcesBuildPhase;
			buildActionMask = 2147483647;
			files = (
				E6EE0B122272FD59006836B1 /* NSString+NTES.m in Sources */,
				E63C48432271BA39009A0808 /* main.m in Sources */,
				E63C48352271BA38009A0808 /* AppDelegate.m in Sources */,
				E6EE0B132272FD59006836B1 /* UIView+Toast.m in Sources */,
				E63C2C26229B88AF0072D224 /* NTESP2PVC.m in Sources */,
				E6EE0B1D2272FD5F006836B1 /* NTESDataCenter.m in Sources */,
				E63C2C24229B88AF0072D224 /* NTESLoginVC.m in Sources */,
				E641576B2283BE0C003C8A80 /* NTESSignalSession.m in Sources */,
				E63C2C25229B88AF0072D224 /* NTESSelectedVC.m in Sources */,
			);
			runOnlyForDeploymentPostprocessing = 0;
		};
/* End PBXSourcesBuildPhase section */

/* Begin PBXVariantGroup section */
		E63C48392271BA38009A0808 /* Main.storyboard */ = {
			isa = PBXVariantGroup;
			children = (
				E63C483A2271BA38009A0808 /* Base */,
			);
			name = Main.storyboard;
			sourceTree = "<group>";
		};
		E63C483E2271BA39009A0808 /* LaunchScreen.storyboard */ = {
			isa = PBXVariantGroup;
			children = (
				E63C483F2271BA39009A0808 /* Base */,
			);
			name = LaunchScreen.storyboard;
			sourceTree = "<group>";
		};
/* End PBXVariantGroup section */

/* Begin XCBuildConfiguration section */
		E63C48442271BA39009A0808 /* Debug */ = {
			isa = XCBuildConfiguration;
			buildSettings = {
				ALWAYS_SEARCH_USER_PATHS = NO;
				CLANG_ANALYZER_NONNULL = YES;
				CLANG_ANALYZER_NUMBER_OBJECT_CONVERSION = YES_AGGRESSIVE;
				CLANG_CXX_LANGUAGE_STANDARD = "gnu++14";
				CLANG_CXX_LIBRARY = "libc++";
				CLANG_ENABLE_MODULES = YES;
				CLANG_ENABLE_OBJC_ARC = YES;
				CLANG_ENABLE_OBJC_WEAK = YES;
				CLANG_WARN_BLOCK_CAPTURE_AUTORELEASING = YES;
				CLANG_WARN_BOOL_CONVERSION = YES;
				CLANG_WARN_COMMA = YES;
				CLANG_WARN_CONSTANT_CONVERSION = YES;
				CLANG_WARN_DEPRECATED_OBJC_IMPLEMENTATIONS = YES;
				CLANG_WARN_DIRECT_OBJC_ISA_USAGE = YES_ERROR;
				CLANG_WARN_DOCUMENTATION_COMMENTS = YES;
				CLANG_WARN_EMPTY_BODY = YES;
				CLANG_WARN_ENUM_CONVERSION = YES;
				CLANG_WARN_INFINITE_RECURSION = YES;
				CLANG_WARN_INT_CONVERSION = YES;
				CLANG_WARN_NON_LITERAL_NULL_CONVERSION = YES;
				CLANG_WARN_OBJC_IMPLICIT_RETAIN_SELF = YES;
				CLANG_WARN_OBJC_LITERAL_CONVERSION = YES;
				CLANG_WARN_OBJC_ROOT_CLASS = YES_ERROR;
				CLANG_WARN_RANGE_LOOP_ANALYSIS = YES;
				CLANG_WARN_STRICT_PROTOTYPES = YES;
				CLANG_WARN_SUSPICIOUS_MOVE = YES;
				CLANG_WARN_UNGUARDED_AVAILABILITY = YES_AGGRESSIVE;
				CLANG_WARN_UNREACHABLE_CODE = YES;
				CLANG_WARN__DUPLICATE_METHOD_MATCH = YES;
				CODE_SIGN_IDENTITY = "iPhone Developer";
				COPY_PHASE_STRIP = NO;
				DEBUG_INFORMATION_FORMAT = dwarf;
				ENABLE_STRICT_OBJC_MSGSEND = YES;
				ENABLE_TESTABILITY = YES;
				GCC_C_LANGUAGE_STANDARD = gnu11;
				GCC_DYNAMIC_NO_PIC = NO;
				GCC_NO_COMMON_BLOCKS = YES;
				GCC_OPTIMIZATION_LEVEL = 0;
				GCC_PREPROCESSOR_DEFINITIONS = (
					"DEBUG=1",
					"$(inherited)",
				);
				GCC_WARN_64_TO_32_BIT_CONVERSION = YES;
				GCC_WARN_ABOUT_RETURN_TYPE = YES_ERROR;
				GCC_WARN_UNDECLARED_SELECTOR = YES;
				GCC_WARN_UNINITIALIZED_AUTOS = YES_AGGRESSIVE;
				GCC_WARN_UNUSED_FUNCTION = YES;
				GCC_WARN_UNUSED_VARIABLE = YES;
				IPHONEOS_DEPLOYMENT_TARGET = 12.1;
				MTL_ENABLE_DEBUG_INFO = INCLUDE_SOURCE;
				MTL_FAST_MATH = YES;
				ONLY_ACTIVE_ARCH = YES;
				SDKROOT = iphoneos;
			};
			name = Debug;
		};
		E63C48452271BA39009A0808 /* Release */ = {
			isa = XCBuildConfiguration;
			buildSettings = {
				ALWAYS_SEARCH_USER_PATHS = NO;
				CLANG_ANALYZER_NONNULL = YES;
				CLANG_ANALYZER_NUMBER_OBJECT_CONVERSION = YES_AGGRESSIVE;
				CLANG_CXX_LANGUAGE_STANDARD = "gnu++14";
				CLANG_CXX_LIBRARY = "libc++";
				CLANG_ENABLE_MODULES = YES;
				CLANG_ENABLE_OBJC_ARC = YES;
				CLANG_ENABLE_OBJC_WEAK = YES;
				CLANG_WARN_BLOCK_CAPTURE_AUTORELEASING = YES;
				CLANG_WARN_BOOL_CONVERSION = YES;
				CLANG_WARN_COMMA = YES;
				CLANG_WARN_CONSTANT_CONVERSION = YES;
				CLANG_WARN_DEPRECATED_OBJC_IMPLEMENTATIONS = YES;
				CLANG_WARN_DIRECT_OBJC_ISA_USAGE = YES_ERROR;
				CLANG_WARN_DOCUMENTATION_COMMENTS = YES;
				CLANG_WARN_EMPTY_BODY = YES;
				CLANG_WARN_ENUM_CONVERSION = YES;
				CLANG_WARN_INFINITE_RECURSION = YES;
				CLANG_WARN_INT_CONVERSION = YES;
				CLANG_WARN_NON_LITERAL_NULL_CONVERSION = YES;
				CLANG_WARN_OBJC_IMPLICIT_RETAIN_SELF = YES;
				CLANG_WARN_OBJC_LITERAL_CONVERSION = YES;
				CLANG_WARN_OBJC_ROOT_CLASS = YES_ERROR;
				CLANG_WARN_RANGE_LOOP_ANALYSIS = YES;
				CLANG_WARN_STRICT_PROTOTYPES = YES;
				CLANG_WARN_SUSPICIOUS_MOVE = YES;
				CLANG_WARN_UNGUARDED_AVAILABILITY = YES_AGGRESSIVE;
				CLANG_WARN_UNREACHABLE_CODE = YES;
				CLANG_WARN__DUPLICATE_METHOD_MATCH = YES;
				CODE_SIGN_IDENTITY = "iPhone Developer";
				COPY_PHASE_STRIP = NO;
				DEBUG_INFORMATION_FORMAT = "dwarf-with-dsym";
				ENABLE_NS_ASSERTIONS = NO;
				ENABLE_STRICT_OBJC_MSGSEND = YES;
				GCC_C_LANGUAGE_STANDARD = gnu11;
				GCC_NO_COMMON_BLOCKS = YES;
				GCC_WARN_64_TO_32_BIT_CONVERSION = YES;
				GCC_WARN_ABOUT_RETURN_TYPE = YES_ERROR;
				GCC_WARN_UNDECLARED_SELECTOR = YES;
				GCC_WARN_UNINITIALIZED_AUTOS = YES_AGGRESSIVE;
				GCC_WARN_UNUSED_FUNCTION = YES;
				GCC_WARN_UNUSED_VARIABLE = YES;
				IPHONEOS_DEPLOYMENT_TARGET = 12.1;
				MTL_ENABLE_DEBUG_INFO = NO;
				MTL_FAST_MATH = YES;
				SDKROOT = iphoneos;
				VALIDATE_PRODUCT = YES;
			};
			name = Release;
		};
		E63C48472271BA39009A0808 /* Debug */ = {
			isa = XCBuildConfiguration;
			baseConfigurationReference = BA21A26272E3EC744BAA5502 /* Pods-Signalling_Agora_p2p.debug.xcconfig */;
			buildSettings = {
				ASSETCATALOG_COMPILER_APPICON_NAME = AppIcon;
				CLANG_WARN_DOCUMENTATION_COMMENTS = NO;
				CODE_SIGN_STYLE = Manual;
				DEVELOPMENT_TEAM = 7C9A6NRV5L;
				FRAMEWORK_SEARCH_PATHS = "$(inherited)";
				GCC_PREFIX_HEADER = "$(SRCROOT)/Signalling_Agora_p2p/Support Files/Signalling_Agora_p2p.pch";
				INFOPLIST_FILE = "$(SRCROOT)/Signalling_Agora_p2p/Support Files/Info.plist";
				IPHONEOS_DEPLOYMENT_TARGET = 9.0;
				LD_RUNPATH_SEARCH_PATHS = (
					"$(inherited)",
					"@executable_path/Frameworks",
				);
				LIBRARY_SEARCH_PATHS = "$(inherited)";
				PRODUCT_BUNDLE_IDENTIFIER = com.netease.nmc.player.demo;
				PRODUCT_NAME = "$(TARGET_NAME)";
				PROVISIONING_PROFILE_SPECIFIER = YXNMC_WildCard;
				TARGETED_DEVICE_FAMILY = "1,2";
			};
			name = Debug;
		};
		E63C48482271BA39009A0808 /* Release */ = {
			isa = XCBuildConfiguration;
			baseConfigurationReference = CA6F40CE2C6BDD0692BC165B /* Pods-Signalling_Agora_p2p.release.xcconfig */;
			buildSettings = {
				ASSETCATALOG_COMPILER_APPICON_NAME = AppIcon;
				CLANG_WARN_DOCUMENTATION_COMMENTS = NO;
				CODE_SIGN_STYLE = Manual;
				DEVELOPMENT_TEAM = "";
				FRAMEWORK_SEARCH_PATHS = "$(inherited)";
				GCC_PREFIX_HEADER = "$(SRCROOT)/Signalling_Agora_p2p/Support Files/Signalling_Agora_p2p.pch";
				INFOPLIST_FILE = "$(SRCROOT)/Signalling_Agora_p2p/Support Files/Info.plist";
				IPHONEOS_DEPLOYMENT_TARGET = 9.0;
				LD_RUNPATH_SEARCH_PATHS = (
					"$(inherited)",
					"@executable_path/Frameworks",
				);
				LIBRARY_SEARCH_PATHS = "$(inherited)";
				PRODUCT_BUNDLE_IDENTIFIER = com.netease.nmc.player.demo;
				PRODUCT_NAME = "$(TARGET_NAME)";
				PROVISIONING_PROFILE_SPECIFIER = "";
				TARGETED_DEVICE_FAMILY = "1,2";
			};
			name = Release;
		};
/* End XCBuildConfiguration section */

/* Begin XCConfigurationList section */
		E63C482B2271BA38009A0808 /* Build configuration list for PBXProject "Signalling_Agora_p2p" */ = {
			isa = XCConfigurationList;
			buildConfigurations = (
				E63C48442271BA39009A0808 /* Debug */,
				E63C48452271BA39009A0808 /* Release */,
			);
			defaultConfigurationIsVisible = 0;
			defaultConfigurationName = Release;
		};
		E63C48462271BA39009A0808 /* Build configuration list for PBXNativeTarget "Signalling_Agora_p2p" */ = {
			isa = XCConfigurationList;
			buildConfigurations = (
				E63C48472271BA39009A0808 /* Debug */,
				E63C48482271BA39009A0808 /* Release */,
			);
			defaultConfigurationIsVisible = 0;
			defaultConfigurationName = Release;
		};
/* End XCConfigurationList section */
	};
	rootObject = E63C48282271BA38009A0808 /* Project object */;
}
